
Microsoft Visual Studio Solution File, Format Version 12.00
# Visual Studio Version 16
VisualStudioVersion = 16.0.31205.134
MinimumVisualStudioVersion = 10.0.40219.1
Project("{FAE04EC0-301F-11D3-BF4B-00C04F79EFBC}") = "EmployeePayrollTestforSQLServerDB", "EmployeePayrollTestforSQLServerDB\EmployeePayrollTestforSQLServerDB.csproj", "{43558B8C-3766-4DC1-B272-41BBFDC3493D}"
EndProject
Project("{FAE04EC0-301F-11D3-BF4B-00C04F79EFBC}") = "EmployeePayrollService", "EmployeePayrollService\EmployeePayrollService.csproj", "{990CD0D3-C970-480F-B913-75FDF90A42F5}"
EndProject
Global
	GlobalSection(SolutionConfigurationPlatforms) = preSolution
		Debug|Any CPU = Debug|Any CPU
		Release|Any CPU = Release|Any CPU
	EndGlobalSection
	GlobalSection(ProjectConfigurationPlatforms) = postSolution
		{43558B8C-3766-4DC1-B272-41BBFDC3493D}.Debug|Any CPU.ActiveCfg = Debug|Any CPU
		{43558B8C-3766-4DC1-B272-41BBFDC3493D}.Debug|Any CPU.Build.0 = Debug|Any CPU
		{43558B8C-3766-4DC1-B272-41BBFDC3493D}.Release|Any CPU.ActiveCfg = Release|Any CPU
		{43558B8C-3766-4DC1-B272-41BBFDC3493D}.Release|Any CPU.Build.0 = Release|Any CPU
		{990CD0D3-C970-480F-B913-75FDF90A42F5}.Debug|Any CPU.ActiveCfg = Debug|Any CPU
		{990CD0D3-C970-480F-B913-75FDF90A42F5}.Debug|Any CPU.Build.0 = Debug|Any CPU
		{990CD0D3-C970-480F-B913-75FDF90A42F5}.Release|Any CPU.ActiveCfg = Release|Any CPU
		{990CD0D3-C970-480F-B913-75FDF90A42F5}.Release|Any CPU.Build.0 = Release|Any CPU
	EndGlobalSection
	GlobalSection(SolutionProperties) = preSolution
		HideSolutionNode = FALSE
	EndGlobalSection
	GlobalSection(ExtensibilityGlobals) = postSolution
		SolutionGuid = {952BE77C-5213-43DD-AEBF-5566A24094AF}
	EndGlobalSection
EndGlobal
